
Microsoft Visual Studio Solution File, Format Version 12.00
# Visual Studio Version 17
VisualStudioVersion = 17.7.34009.444
MinimumVisualStudioVersion = 10.0.40219.1
Project("{9A19103F-16F7-4668-BE54-9A1E7A4F7556}") = "LaboratoryWork_1", "LaboratoryWork_1\LaboratoryWork_1.csproj", "{A4E28CCB-9108-4B59-9C69-93C9613108D0}"
EndProject
Project("{9A19103F-16F7-4668-BE54-9A1E7A4F7556}") = "LaboratoryWork_2", "LaboratoryWork_2\LaboratoryWork_2.csproj", "{E3F15981-C866-4907-A438-ACE1291ED297}"
EndProject
Project("{9A19103F-16F7-4668-BE54-9A1E7A4F7556}") = "LaboratoryWork_3", "LaboratoryWork_3\LaboratoryWork_3.csproj", "{2606F717-3493-457B-BA38-4B42AA471F50}"
EndProject
Project("{9A19103F-16F7-4668-BE54-9A1E7A4F7556}") = "LaboratoryWork_4", "LaboratoryWork_4\LaboratoryWork_4.csproj", "{70375548-A865-4313-AE28-555EF343837C}"
EndProject
Project("{9A19103F-16F7-4668-BE54-9A1E7A4F7556}") = "LaboratoryWork_5", "LaboratoryWork_5\LaboratoryWork_5.csproj", "{097343E2-E87E-4BAD-ABE3-E0C52F61EBD4}"
EndProject
Project("{9A19103F-16F7-4668-BE54-9A1E7A4F7556}") = "LaboratoryWork_6", "LaboratoryWork_6\LaboratoryWork_6.csproj", "{A20BCC62-B558-4810-B4F9-902DEFFA059F}"
EndProject
Project("{9A19103F-16F7-4668-BE54-9A1E7A4F7556}") = "LaboratoryWork_7", "LaboratoryWork_7\LaboratoryWork_7.csproj", "{6B52802D-42BA-44AF-A4BC-0229B0A04B12}"
EndProject
Project("{9A19103F-16F7-4668-BE54-9A1E7A4F7556}") = "LaboratoryWork_8", "LaboratoryWork_8\LaboratoryWork_8.csproj", "{BAD527B4-CCD2-4179-9348-44A5A45BF345}"
EndProject
Project("{9A19103F-16F7-4668-BE54-9A1E7A4F7556}") = "LaboratoryWork_9", "LaboratoryWork_9\LaboratoryWork_9.csproj", "{68841782-53C5-4D84-B459-485DD26EF123}"
EndProject
Project("{9A19103F-16F7-4668-BE54-9A1E7A4F7556}") = "LaboratoryWork_10", "LaboratoryWork_10\LaboratoryWork_10.csproj", "{F10CDD13-4ADD-4D65-8D43-0966364425FF}"
EndProject
Project("{9A19103F-16F7-4668-BE54-9A1E7A4F7556}") = "LaboratoryWork_11", "LaboratoryWork_11\LaboratoryWork_11.csproj", "{83ADF49F-ED0A-4BED-BFAD-B9B73FA556FD}"
EndProject
Project("{9A19103F-16F7-4668-BE54-9A1E7A4F7556}") = "LaboratoryWork_14", "LaboratoryWork_14\LaboratoryWork_14.csproj", "{1CDC2D99-F4C2-4B44-A7DD-992FEC3E475B}"
EndProject
Project("{FAE04EC0-301F-11D3-BF4B-00C04F79EFBC}") = "LaboratoryWork_13", "LaboratoryWork_13\LaboratoryWork_13.csproj", "{7725702D-77F6-4162-B796-5D733E22F235}"
EndProject
Project("{FAE04EC0-301F-11D3-BF4B-00C04F79EFBC}") = "LaboratoryWork_15", "LaboratoryWork_15\LaboratoryWork_15.csproj", "{76E55EE1-0D73-43DD-9DF3-708B0A096D2D}"
EndProject
Project("{FAE04EC0-301F-11D3-BF4B-00C04F79EFBC}") = "BinaryTree", "BinaryTree\BinaryTree.csproj", "{A8A4B2D7-A769-4B85-BFDC-AC415E94669E}"
EndProject
Project("{FAE04EC0-301F-11D3-BF4B-00C04F79EFBC}") = "LaboratoryWork_16", "LaboratoryWork_16\LaboratoryWork_16.csproj", "{B954805C-26A8-48B7-9277-337A9666CB46}"
EndProject
Global
	GlobalSection(SolutionConfigurationPlatforms) = preSolution
		Debug|Any CPU = Debug|Any CPU
		Release|Any CPU = Release|Any CPU
	EndGlobalSection
	GlobalSection(ProjectConfigurationPlatforms) = postSolution
		{A4E28CCB-9108-4B59-9C69-93C9613108D0}.Debug|Any CPU.ActiveCfg = Debug|Any CPU
		{A4E28CCB-9108-4B59-9C69-93C9613108D0}.Debug|Any CPU.Build.0 = Debug|Any CPU
		{A4E28CCB-9108-4B59-9C69-93C9613108D0}.Release|Any CPU.ActiveCfg = Release|Any CPU
		{A4E28CCB-9108-4B59-9C69-93C9613108D0}.Release|Any CPU.Build.0 = Release|Any CPU
		{E3F15981-C866-4907-A438-ACE1291ED297}.Debug|Any CPU.ActiveCfg = Debug|Any CPU
		{E3F15981-C866-4907-A438-ACE1291ED297}.Debug|Any CPU.Build.0 = Debug|Any CPU
		{E3F15981-C866-4907-A438-ACE1291ED297}.Release|Any CPU.ActiveCfg = Release|Any CPU
		{E3F15981-C866-4907-A438-ACE1291ED297}.Release|Any CPU.Build.0 = Release|Any CPU
		{2606F717-3493-457B-BA38-4B42AA471F50}.Debug|Any CPU.ActiveCfg = Debug|Any CPU
		{2606F717-3493-457B-BA38-4B42AA471F50}.Debug|Any CPU.Build.0 = Debug|Any CPU
		{2606F717-3493-457B-BA38-4B42AA471F50}.Release|Any CPU.ActiveCfg = Release|Any CPU
		{2606F717-3493-457B-BA38-4B42AA471F50}.Release|Any CPU.Build.0 = Release|Any CPU
		{70375548-A865-4313-AE28-555EF343837C}.Debug|Any CPU.ActiveCfg = Debug|Any CPU
		{70375548-A865-4313-AE28-555EF343837C}.Debug|Any CPU.Build.0 = Debug|Any CPU
		{70375548-A865-4313-AE28-555EF343837C}.Release|Any CPU.ActiveCfg = Release|Any CPU
		{70375548-A865-4313-AE28-555EF343837C}.Release|Any CPU.Build.0 = Release|Any CPU
		{097343E2-E87E-4BAD-ABE3-E0C52F61EBD4}.Debug|Any CPU.ActiveCfg = Debug|Any CPU
		{097343E2-E87E-4BAD-ABE3-E0C52F61EBD4}.Debug|Any CPU.Build.0 = Debug|Any CPU
		{097343E2-E87E-4BAD-ABE3-E0C52F61EBD4}.Release|Any CPU.ActiveCfg = Release|Any CPU
		{097343E2-E87E-4BAD-ABE3-E0C52F61EBD4}.Release|Any CPU.Build.0 = Release|Any CPU
		{A20BCC62-B558-4810-B4F9-902DEFFA059F}.Debug|Any CPU.ActiveCfg = Debug|Any CPU
		{A20BCC62-B558-4810-B4F9-902DEFFA059F}.Debug|Any CPU.Build.0 = Debug|Any CPU
		{A20BCC62-B558-4810-B4F9-902DEFFA059F}.Release|Any CPU.ActiveCfg = Release|Any CPU
		{A20BCC62-B558-4810-B4F9-902DEFFA059F}.Release|Any CPU.Build.0 = Release|Any CPU
		{6B52802D-42BA-44AF-A4BC-0229B0A04B12}.Debug|Any CPU.ActiveCfg = Debug|Any CPU
		{6B52802D-42BA-44AF-A4BC-0229B0A04B12}.Debug|Any CPU.Build.0 = Debug|Any CPU
		{6B52802D-42BA-44AF-A4BC-0229B0A04B12}.Release|Any CPU.ActiveCfg = Release|Any CPU
		{6B52802D-42BA-44AF-A4BC-0229B0A04B12}.Release|Any CPU.Build.0 = Release|Any CPU
		{BAD527B4-CCD2-4179-9348-44A5A45BF345}.Debug|Any CPU.ActiveCfg = Debug|Any CPU
		{BAD527B4-CCD2-4179-9348-44A5A45BF345}.Debug|Any CPU.Build.0 = Debug|Any CPU
		{BAD527B4-CCD2-4179-9348-44A5A45BF345}.Release|Any CPU.ActiveCfg = Release|Any CPU
		{BAD527B4-CCD2-4179-9348-44A5A45BF345}.Release|Any CPU.Build.0 = Release|Any CPU
		{68841782-53C5-4D84-B459-485DD26EF123}.Debug|Any CPU.ActiveCfg = Debug|Any CPU
		{68841782-53C5-4D84-B459-485DD26EF123}.Debug|Any CPU.Build.0 = Debug|Any CPU
		{68841782-53C5-4D84-B459-485DD26EF123}.Release|Any CPU.ActiveCfg = Release|Any CPU
		{68841782-53C5-4D84-B459-485DD26EF123}.Release|Any CPU.Build.0 = Release|Any CPU
		{F10CDD13-4ADD-4D65-8D43-0966364425FF}.Debug|Any CPU.ActiveCfg = Debug|Any CPU
		{F10CDD13-4ADD-4D65-8D43-0966364425FF}.Debug|Any CPU.Build.0 = Debug|Any CPU
		{F10CDD13-4ADD-4D65-8D43-0966364425FF}.Release|Any CPU.ActiveCfg = Release|Any CPU
		{F10CDD13-4ADD-4D65-8D43-0966364425FF}.Release|Any CPU.Build.0 = Release|Any CPU
		{83ADF49F-ED0A-4BED-BFAD-B9B73FA556FD}.Debug|Any CPU.ActiveCfg = Debug|Any CPU
		{83ADF49F-ED0A-4BED-BFAD-B9B73FA556FD}.Debug|Any CPU.Build.0 = Debug|Any CPU
		{83ADF49F-ED0A-4BED-BFAD-B9B73FA556FD}.Release|Any CPU.ActiveCfg = Release|Any CPU
		{83ADF49F-ED0A-4BED-BFAD-B9B73FA556FD}.Release|Any CPU.Build.0 = Release|Any CPU
		{1CDC2D99-F4C2-4B44-A7DD-992FEC3E475B}.Debug|Any CPU.ActiveCfg = Debug|Any CPU
		{1CDC2D99-F4C2-4B44-A7DD-992FEC3E475B}.Debug|Any CPU.Build.0 = Debug|Any CPU
		{1CDC2D99-F4C2-4B44-A7DD-992FEC3E475B}.Release|Any CPU.ActiveCfg = Release|Any CPU
		{1CDC2D99-F4C2-4B44-A7DD-992FEC3E475B}.Release|Any CPU.Build.0 = Release|Any CPU
		{7725702D-77F6-4162-B796-5D733E22F235}.Debug|Any CPU.ActiveCfg = Debug|Any CPU
		{7725702D-77F6-4162-B796-5D733E22F235}.Debug|Any CPU.Build.0 = Debug|Any CPU
		{7725702D-77F6-4162-B796-5D733E22F235}.Release|Any CPU.ActiveCfg = Release|Any CPU
		{7725702D-77F6-4162-B796-5D733E22F235}.Release|Any CPU.Build.0 = Release|Any CPU
		{76E55EE1-0D73-43DD-9DF3-708B0A096D2D}.Debug|Any CPU.ActiveCfg = Debug|Any CPU
		{76E55EE1-0D73-43DD-9DF3-708B0A096D2D}.Debug|Any CPU.Build.0 = Debug|Any CPU
		{76E55EE1-0D73-43DD-9DF3-708B0A096D2D}.Release|Any CPU.ActiveCfg = Release|Any CPU
		{76E55EE1-0D73-43DD-9DF3-708B0A096D2D}.Release|Any CPU.Build.0 = Release|Any CPU
		{A8A4B2D7-A769-4B85-BFDC-AC415E94669E}.Debug|Any CPU.ActiveCfg = Debug|Any CPU
		{A8A4B2D7-A769-4B85-BFDC-AC415E94669E}.Debug|Any CPU.Build.0 = Debug|Any CPU
		{A8A4B2D7-A769-4B85-BFDC-AC415E94669E}.Release|Any CPU.ActiveCfg = Release|Any CPU
		{A8A4B2D7-A769-4B85-BFDC-AC415E94669E}.Release|Any CPU.Build.0 = Release|Any CPU
		{B954805C-26A8-48B7-9277-337A9666CB46}.Debug|Any CPU.ActiveCfg = Debug|Any CPU
		{B954805C-26A8-48B7-9277-337A9666CB46}.Debug|Any CPU.Build.0 = Debug|Any CPU
		{B954805C-26A8-48B7-9277-337A9666CB46}.Release|Any CPU.ActiveCfg = Release|Any CPU
		{B954805C-26A8-48B7-9277-337A9666CB46}.Release|Any CPU.Build.0 = Release|Any CPU
	EndGlobalSection
	GlobalSection(SolutionProperties) = preSolution
		HideSolutionNode = FALSE
	EndGlobalSection
	GlobalSection(ExtensibilityGlobals) = postSolution
		SolutionGuid = {5E78AE73-2248-417B-8B6B-ECB66BEAC9FF}
	EndGlobalSection
EndGlobal
